<?xml version="1.0" encoding="utf-8"?>
<Project ToolsVersion="4.0" xmlns="http://schemas.microsoft.com/developer/msbuild/2003">
  <ItemGroup>
    <ClCompile Include="GeneratedFiles\Debug\moc_LC_UrbanMain.cpp" />
    <ClCompile Include="GeneratedFiles\Release\moc_LC_UrbanMain.cpp" />
    <ClCompile Include="LC_GLWidget3D.cpp" />
    <ClCompile Include="LC_main.cpp" />
    <ClCompile Include="LC_UrbanMain.cpp" />
    <ClCompile Include="misctools\bounding_box.cpp" />
    <ClCompile Include="misctools\global.cpp" />
    <ClCompile Include="misctools\misctools.cpp" />
    <ClCompile Include="misctools\polygon_3D.cpp" />
    <ClCompile Include="VBORenderManager.cpp" />
    <ClCompile Include="VBOShader.cpp" />
    <ClCompile Include="Camera.cpp" />
    <ClCompile Include="VBOUtil.cpp">
      <Filter>Source Files</Filter>
    </ClCompile>
  </ItemGroup>
  <ItemGroup>
    <ClInclude Include="GeneratedFiles\ui_LC_UrbanMain.h" />
    <ClInclude Include="LC_GLWidget3D.h" />
    <ClInclude Include="misctools\bounding_box.h" />
    <ClInclude Include="misctools\common.h" />
    <ClInclude Include="misctools\global.h" />
    <ClInclude Include="misctools\misctools.h" />
    <ClInclude Include="misctools\polygon_3D.h" />
    <ClInclude Include="VBORenderManager.h" />
    <ClInclude Include="VBOShader.h" />
    <ClInclude Include="VBOTerrain.h" />
    <ClInclude Include="Camera.h" />
    <ClInclude Include="Vertex.h" />
    <ClInclude Include="VBOUtil.h">
      <Filter>Header Files</Filter>
    </ClInclude>
  </ItemGroup>
  <ItemGroup>
    <CustomBuild Include="LC_UrbanMain.h" />
    <CustomBuild Include="LC_UrbanMain.ui" />
  </ItemGroup>
  <ItemGroup>
    <Filter Include="Shaders">
      <UniqueIdentifier>{1ebd2b1a-6876-48de-b294-284b88bfb669}</UniqueIdentifier>
    </Filter>
    <Filter Include="Source Files">
      <UniqueIdentifier>{4FC737F1-C7A5-4376-A066-2A32D752A2FF}</UniqueIdentifier>
      <Extensions>cpp;cxx;c;def</Extensions>
      <ParseFiles>true</ParseFiles>
    </Filter>
    <Filter Include="Header Files">
      <UniqueIdentifier>{93995380-89BD-4b04-88EB-625FBE52EBFB}</UniqueIdentifier>
      <Extensions>h</Extensions>
      <ParseFiles>true</ParseFiles>
    </Filter>
  </ItemGroup>
  <ItemGroup>
    <None Include="lc_frag_pass1.glsl">
      <Filter>Shaders</Filter>
    </None>
    <None Include="lc_frag_pass2.glsl">
      <Filter>Shaders</Filter>
    </None>
    <None Include="lc_vert_pass1.glsl">
      <Filter>Shaders</Filter>
    </None>
    <None Include="lc_vert_pass2.glsl">
      <Filter>Shaders</Filter>
    </None>
    <None Include="lc_frag_pass3.glsl">
      <Filter>Shaders</Filter>
    </None>
    <None Include="lc_vert_pass3.glsl">
      <Filter>Shaders</Filter>
    </None>
  </ItemGroup>
</Project>